
{
  "name": "apexflow",
  "version": "2.6.8",
  "lockfileVersion": 3,
  "requires": true,
  "packages": {
    "": {
      "name": "apexflow",
      "version": "2.6.8",
      "license": "ISC",
      "dependencies": {
        "firebase": "^11.2.0",
        "lucide-react": "^0.562.0",
        "react": "^19.2.3",
        "react-dom": "^19.2.3"
      },
      "devDependencies": {
        "@types/node": "^22.14.0",
        "@vitejs/plugin-react": "^5.0.0",
        "typescript": "~5.8.2",
        "vite": "^6.2.0"
      }
    }
  }
}
